<?xml version="1.0" encoding="utf-8"?>
<Project ToolsVersion="4.0" xmlns="http://schemas.microsoft.com/developer/msbuild/2003">
  <ItemGroup>
    <ClInclude Include="inc\d3dx11effect.h">
      <Filter>Inc</Filter>
    </ClInclude>
    <ClInclude Include="Binary\SOParser.h">
      <Filter>Src</Filter>
    </ClInclude>
    <ClInclude Include="inc\d3dxGlobal.h">
      <Filter>Src</Filter>
    </ClInclude>
    <ClInclude Include="Effect.h">
      <Filter>Src</Filter>
    </ClInclude>
    <ClInclude Include="Binary\EffectBinaryFormat.h">
      <Filter>Src</Filter>
    </ClInclude>
    <ClInclude Include="EffectLoad.h">
      <Filter>Src</Filter>
    </ClInclude>
    <ClInclude Include="Binary\EffectStateBase11.h">
      <Filter>Src</Filter>
    </ClInclude>
    <ClInclude Include="Binary\EffectStates11.h">
      <Filter>Src</Filter>
    </ClInclude>
    <ClInclude Include="IUnknownImp.h">
      <Filter>Src</Filter>
    </ClInclude>
    <ClInclude Include="pchfx.h">
      <Filter>Src</Filter>
    </ClInclude>
  </ItemGroup>
  <ItemGroup>
    <ClCompile Include="d3dxGlobal.cpp">
      <Filter>Src</Filter>
    </ClCompile>
    <ClCompile Include="EffectAPI.cpp">
      <Filter>Src</Filter>
    </ClCompile>
    <ClCompile Include="EffectLoad.cpp">
      <Filter>Src</Filter>
    </ClCompile>
    <ClCompile Include="EffectNonRuntime.cpp">
      <Filter>Src</Filter>
    </ClCompile>
    <ClCompile Include="EffectReflection.cpp">
      <Filter>Src</Filter>
    </ClCompile>
    <ClCompile Include="EffectRuntime.cpp">
      <Filter>Src</Filter>
    </ClCompile>
  </ItemGroup>
  <ItemGroup>
    <Filter Include="Inc">
      <UniqueIdentifier>{5c97d453-617b-410c-8072-f4d2b5ce077c}</UniqueIdentifier>
    </Filter>
    <Filter Include="Src">
      <UniqueIdentifier>{d55450b3-ad27-4a7a-8b92-0bfd44242c8b}</UniqueIdentifier>
    </Filter>
  </ItemGroup>
  <ItemGroup>
    <None Include="EffectVariable.inl">
      <Filter>Src</Filter>
    </None>
  </ItemGroup>
</Project>