
Microsoft Visual Studio Solution File, Format Version 12.00
# Visual Studio 2012
Project("{8BC9CEB8-8B4A-11D0-8D11-00A0C91BC942}") = "Effects11", "Effects11_XboxOneADK.vcxproj", "{4E4CFE04-BF26-47FE-B202-5C38BD6058AF}"
EndProject
Global
	GlobalSection(SolutionConfigurationPlatforms) = preSolution
		Debug|Durango = Debug|Durango
		Profile|Durango = Profile|Durango
		Release|Durango = Release|Durango
	EndGlobalSection
	GlobalSection(ProjectConfigurationPlatforms) = postSolution
		{4E4CFE04-BF26-47FE-B202-5C38BD6058AF}.Debug|Durango.ActiveCfg = Debug|Durango
		{4E4CFE04-BF26-47FE-B202-5C38BD6058AF}.Debug|Durango.Build.0 = Debug|Durango
		{4E4CFE04-BF26-47FE-B202-5C38BD6058AF}.Profile|Durango.ActiveCfg = Profile|Durango
		{4E4CFE04-BF26-47FE-B202-5C38BD6058AF}.Profile|Durango.Build.0 = Profile|Durango
		{4E4CFE04-BF26-47FE-B202-5C38BD6058AF}.Release|Durango.ActiveCfg = Release|Durango
		{4E4CFE04-BF26-47FE-B202-5C38BD6058AF}.Release|Durango.Build.0 = Release|Durango
	EndGlobalSection
	GlobalSection(SolutionProperties) = preSolution
		HideSolutionNode = FALSE
	EndGlobalSection
EndGlobal
